
Microsoft Visual Studio Solution File, Format Version 12.00
Project("{FAE04EC0-301F-11D3-BF4B-00C04F79EFBC}") = "Authorization.Application", "Services\Authorization\Application\Authorization.Application.csproj", "{6628BB0C-2C3E-4608-AD70-43CD30D8A53F}"
EndProject
Project("{FAE04EC0-301F-11D3-BF4B-00C04F79EFBC}") = "Authorization.Domain", "Services\Authorization\Domain\Authorization.Domain.csproj", "{6DB9EB95-FEDC-4861-AA8E-FFCD6E1BE727}"
EndProject
Project("{FAE04EC0-301F-11D3-BF4B-00C04F79EFBC}") = "Authorization.Infrastructure", "Services\Authorization\Infrastructure\Authorization.Infrastructure.csproj", "{EFEFE142-2556-4762-AF47-43BAA1285484}"
EndProject
Project("{FAE04EC0-301F-11D3-BF4B-00C04F79EFBC}") = "Authorization.Presentation", "Services\Authorization\Presentation\Authorization.Presentation.csproj", "{8A4647E4-BD73-4CD4-AE8B-11A52E2B18A7}"
EndProject
Project("{FAE04EC0-301F-11D3-BF4B-00C04F79EFBC}") = "Bookings.Application", "Services\Bookings\Application\Bookings.Application.csproj", "{A3E74F34-434B-415E-AAAE-9B8DB0E616A9}"
EndProject
Project("{FAE04EC0-301F-11D3-BF4B-00C04F79EFBC}") = "Bookings.Domain", "Services\Bookings\Domain\Bookings.Domain.csproj", "{BC436F7E-8DBE-4500-9215-A3E3E176BC1E}"
EndProject
Project("{FAE04EC0-301F-11D3-BF4B-00C04F79EFBC}") = "Bookings.Infrastructure", "Services\Bookings\Infrastructure\Bookings.Infrastructure.csproj", "{A705B42A-77B3-45FD-9439-16DE83D9FB7A}"
EndProject
Project("{FAE04EC0-301F-11D3-BF4B-00C04F79EFBC}") = "Bookings.Presentation", "Services\Bookings\Presentation\Bookings.Presentation.csproj", "{8A9FEE3C-32C1-4229-8D1A-668423885A0F}"
EndProject
Project("{FAE04EC0-301F-11D3-BF4B-00C04F79EFBC}") = "Events.Application", "Services\Events\Application\Events.Application.csproj", "{2D79BD98-DBAE-4DC7-A24D-346C0E52D2BB}"
EndProject
Project("{2150E333-8FDC-42A3-9474-1A3956D46DE8}") = "Authorization", "Authorization", "{ECC58363-9679-4508-86A5-C0D6BE3DC7F8}"
EndProject
Project("{2150E333-8FDC-42A3-9474-1A3956D46DE8}") = "Bookings", "Bookings", "{5F89FFDA-E9BC-496E-AA51-53F60CFB665E}"
EndProject
Project("{2150E333-8FDC-42A3-9474-1A3956D46DE8}") = "Events", "Events", "{FF1C9840-7D7D-40A5-84DC-F3CE6E445841}"
EndProject
Project("{FAE04EC0-301F-11D3-BF4B-00C04F79EFBC}") = "Events.Domain", "Services\Events\Domain\Events.Domain.csproj", "{327A2DC0-42B2-48D2-A702-9A266535CAE2}"
EndProject
Project("{FAE04EC0-301F-11D3-BF4B-00C04F79EFBC}") = "Events.Infrastructure", "Services\Events\Infrastructure\Events.Infrastructure.csproj", "{4FF9881D-2782-4C34-B263-7BBC430FEF8A}"
EndProject
Project("{FAE04EC0-301F-11D3-BF4B-00C04F79EFBC}") = "Events.Presentation", "Services\Events\Presentation\Events.Presentation.csproj", "{A11DED73-4480-4690-BE7F-EE8A4D69A1EC}"
EndProject
Project("{2150E333-8FDC-42A3-9474-1A3956D46DE8}") = "Shared", "Shared", "{8B0212C3-BAEE-4A07-969B-E39A8F2282DA}"
EndProject
Project("{FAE04EC0-301F-11D3-BF4B-00C04F79EFBC}") = "Core", "Services\Core\Core.csproj", "{4ED09213-FBCF-4AB6-B4D9-9B63DADC92EB}"
EndProject
Global
	GlobalSection(SolutionConfigurationPlatforms) = preSolution
		Debug|Any CPU = Debug|Any CPU
		Release|Any CPU = Release|Any CPU
	EndGlobalSection
	GlobalSection(ProjectConfigurationPlatforms) = postSolution
		{6628BB0C-2C3E-4608-AD70-43CD30D8A53F}.Debug|Any CPU.ActiveCfg = Debug|Any CPU
		{6628BB0C-2C3E-4608-AD70-43CD30D8A53F}.Debug|Any CPU.Build.0 = Debug|Any CPU
		{6628BB0C-2C3E-4608-AD70-43CD30D8A53F}.Release|Any CPU.ActiveCfg = Release|Any CPU
		{6628BB0C-2C3E-4608-AD70-43CD30D8A53F}.Release|Any CPU.Build.0 = Release|Any CPU
		{6DB9EB95-FEDC-4861-AA8E-FFCD6E1BE727}.Debug|Any CPU.ActiveCfg = Debug|Any CPU
		{6DB9EB95-FEDC-4861-AA8E-FFCD6E1BE727}.Debug|Any CPU.Build.0 = Debug|Any CPU
		{6DB9EB95-FEDC-4861-AA8E-FFCD6E1BE727}.Release|Any CPU.ActiveCfg = Release|Any CPU
		{6DB9EB95-FEDC-4861-AA8E-FFCD6E1BE727}.Release|Any CPU.Build.0 = Release|Any CPU
		{EFEFE142-2556-4762-AF47-43BAA1285484}.Debug|Any CPU.ActiveCfg = Debug|Any CPU
		{EFEFE142-2556-4762-AF47-43BAA1285484}.Debug|Any CPU.Build.0 = Debug|Any CPU
		{EFEFE142-2556-4762-AF47-43BAA1285484}.Release|Any CPU.ActiveCfg = Release|Any CPU
		{EFEFE142-2556-4762-AF47-43BAA1285484}.Release|Any CPU.Build.0 = Release|Any CPU
		{8A4647E4-BD73-4CD4-AE8B-11A52E2B18A7}.Debug|Any CPU.ActiveCfg = Debug|Any CPU
		{8A4647E4-BD73-4CD4-AE8B-11A52E2B18A7}.Debug|Any CPU.Build.0 = Debug|Any CPU
		{8A4647E4-BD73-4CD4-AE8B-11A52E2B18A7}.Release|Any CPU.ActiveCfg = Release|Any CPU
		{8A4647E4-BD73-4CD4-AE8B-11A52E2B18A7}.Release|Any CPU.Build.0 = Release|Any CPU
		{A3E74F34-434B-415E-AAAE-9B8DB0E616A9}.Debug|Any CPU.ActiveCfg = Debug|Any CPU
		{A3E74F34-434B-415E-AAAE-9B8DB0E616A9}.Debug|Any CPU.Build.0 = Debug|Any CPU
		{A3E74F34-434B-415E-AAAE-9B8DB0E616A9}.Release|Any CPU.ActiveCfg = Release|Any CPU
		{A3E74F34-434B-415E-AAAE-9B8DB0E616A9}.Release|Any CPU.Build.0 = Release|Any CPU
		{BC436F7E-8DBE-4500-9215-A3E3E176BC1E}.Debug|Any CPU.ActiveCfg = Debug|Any CPU
		{BC436F7E-8DBE-4500-9215-A3E3E176BC1E}.Debug|Any CPU.Build.0 = Debug|Any CPU
		{BC436F7E-8DBE-4500-9215-A3E3E176BC1E}.Release|Any CPU.ActiveCfg = Release|Any CPU
		{BC436F7E-8DBE-4500-9215-A3E3E176BC1E}.Release|Any CPU.Build.0 = Release|Any CPU
		{A705B42A-77B3-45FD-9439-16DE83D9FB7A}.Debug|Any CPU.ActiveCfg = Debug|Any CPU
		{A705B42A-77B3-45FD-9439-16DE83D9FB7A}.Debug|Any CPU.Build.0 = Debug|Any CPU
		{A705B42A-77B3-45FD-9439-16DE83D9FB7A}.Release|Any CPU.ActiveCfg = Release|Any CPU
		{A705B42A-77B3-45FD-9439-16DE83D9FB7A}.Release|Any CPU.Build.0 = Release|Any CPU
		{8A9FEE3C-32C1-4229-8D1A-668423885A0F}.Debug|Any CPU.ActiveCfg = Debug|Any CPU
		{8A9FEE3C-32C1-4229-8D1A-668423885A0F}.Debug|Any CPU.Build.0 = Debug|Any CPU
		{8A9FEE3C-32C1-4229-8D1A-668423885A0F}.Release|Any CPU.ActiveCfg = Release|Any CPU
		{8A9FEE3C-32C1-4229-8D1A-668423885A0F}.Release|Any CPU.Build.0 = Release|Any CPU
		{2D79BD98-DBAE-4DC7-A24D-346C0E52D2BB}.Debug|Any CPU.ActiveCfg = Debug|Any CPU
		{2D79BD98-DBAE-4DC7-A24D-346C0E52D2BB}.Debug|Any CPU.Build.0 = Debug|Any CPU
		{2D79BD98-DBAE-4DC7-A24D-346C0E52D2BB}.Release|Any CPU.ActiveCfg = Release|Any CPU
		{2D79BD98-DBAE-4DC7-A24D-346C0E52D2BB}.Release|Any CPU.Build.0 = Release|Any CPU
		{327A2DC0-42B2-48D2-A702-9A266535CAE2}.Debug|Any CPU.ActiveCfg = Debug|Any CPU
		{327A2DC0-42B2-48D2-A702-9A266535CAE2}.Debug|Any CPU.Build.0 = Debug|Any CPU
		{327A2DC0-42B2-48D2-A702-9A266535CAE2}.Release|Any CPU.ActiveCfg = Release|Any CPU
		{327A2DC0-42B2-48D2-A702-9A266535CAE2}.Release|Any CPU.Build.0 = Release|Any CPU
		{4FF9881D-2782-4C34-B263-7BBC430FEF8A}.Debug|Any CPU.ActiveCfg = Debug|Any CPU
		{4FF9881D-2782-4C34-B263-7BBC430FEF8A}.Debug|Any CPU.Build.0 = Debug|Any CPU
		{4FF9881D-2782-4C34-B263-7BBC430FEF8A}.Release|Any CPU.ActiveCfg = Release|Any CPU
		{4FF9881D-2782-4C34-B263-7BBC430FEF8A}.Release|Any CPU.Build.0 = Release|Any CPU
		{A11DED73-4480-4690-BE7F-EE8A4D69A1EC}.Debug|Any CPU.ActiveCfg = Debug|Any CPU
		{A11DED73-4480-4690-BE7F-EE8A4D69A1EC}.Debug|Any CPU.Build.0 = Debug|Any CPU
		{A11DED73-4480-4690-BE7F-EE8A4D69A1EC}.Release|Any CPU.ActiveCfg = Release|Any CPU
		{A11DED73-4480-4690-BE7F-EE8A4D69A1EC}.Release|Any CPU.Build.0 = Release|Any CPU
		{4ED09213-FBCF-4AB6-B4D9-9B63DADC92EB}.Debug|Any CPU.ActiveCfg = Debug|Any CPU
		{4ED09213-FBCF-4AB6-B4D9-9B63DADC92EB}.Debug|Any CPU.Build.0 = Debug|Any CPU
		{4ED09213-FBCF-4AB6-B4D9-9B63DADC92EB}.Release|Any CPU.ActiveCfg = Release|Any CPU
		{4ED09213-FBCF-4AB6-B4D9-9B63DADC92EB}.Release|Any CPU.Build.0 = Release|Any CPU
	EndGlobalSection
	GlobalSection(NestedProjects) = preSolution
		{6628BB0C-2C3E-4608-AD70-43CD30D8A53F} = {ECC58363-9679-4508-86A5-C0D6BE3DC7F8}
		{6DB9EB95-FEDC-4861-AA8E-FFCD6E1BE727} = {ECC58363-9679-4508-86A5-C0D6BE3DC7F8}
		{EFEFE142-2556-4762-AF47-43BAA1285484} = {ECC58363-9679-4508-86A5-C0D6BE3DC7F8}
		{8A4647E4-BD73-4CD4-AE8B-11A52E2B18A7} = {ECC58363-9679-4508-86A5-C0D6BE3DC7F8}
		{A3E74F34-434B-415E-AAAE-9B8DB0E616A9} = {5F89FFDA-E9BC-496E-AA51-53F60CFB665E}
		{BC436F7E-8DBE-4500-9215-A3E3E176BC1E} = {5F89FFDA-E9BC-496E-AA51-53F60CFB665E}
		{A705B42A-77B3-45FD-9439-16DE83D9FB7A} = {5F89FFDA-E9BC-496E-AA51-53F60CFB665E}
		{8A9FEE3C-32C1-4229-8D1A-668423885A0F} = {5F89FFDA-E9BC-496E-AA51-53F60CFB665E}
		{2D79BD98-DBAE-4DC7-A24D-346C0E52D2BB} = {FF1C9840-7D7D-40A5-84DC-F3CE6E445841}
		{327A2DC0-42B2-48D2-A702-9A266535CAE2} = {FF1C9840-7D7D-40A5-84DC-F3CE6E445841}
		{4FF9881D-2782-4C34-B263-7BBC430FEF8A} = {FF1C9840-7D7D-40A5-84DC-F3CE6E445841}
		{A11DED73-4480-4690-BE7F-EE8A4D69A1EC} = {FF1C9840-7D7D-40A5-84DC-F3CE6E445841}
		{4ED09213-FBCF-4AB6-B4D9-9B63DADC92EB} = {8B0212C3-BAEE-4A07-969B-E39A8F2282DA}
	EndGlobalSection
EndGlobal
